{
    "_readme": [
        "This file locks the dependencies of your project to a known state",
        "Read more about it at http://getcomposer.org/doc/01-basic-usage.md#composer-lock-the-lock-file",
        "This file is @generated automatically"
    ],
    "hash": "9be11f39ea3b53e4acb9d7f06b736ad1",
    "packages": [
        {
            "name": "antecedent/patchwork",
            "version": "dev-master",
            "source": {
                "type": "git",
                "url": "https://github.com/antecedent/patchwork.git",
                "reference": "df2b07726c48bcee247faa9053b5e46f4c3ee729"
            },
            "dist": {
                "type": "zip",
                "url": "https://api.github.com/repos/antecedent/patchwork/zipball/df2b07726c48bcee247faa9053b5e46f4c3ee729",
                "reference": "df2b07726c48bcee247faa9053b5e46f4c3ee729",
                "shasum": ""
            },
            "require": {
                "php": ">=5.3.0"
            },
            "type": "library",
            "notification-url": "https://packagist.org/downloads/",
            "license": [
                "MIT"
            ],
            "authors": [
                {
                    "name": "Ignas Rudaitis",
                    "email": "ignas.rudaitis@gmail.com"
                }
            ],
            "description": "A pure PHP library that lets you redefine user-defined functions at runtime.",
            "homepage": "http://antecedent.github.io/patchwork/",
            "keywords": [
                "aop",
                "aspect",
                "interception",
                "monkeypatching",
                "redefinition",
                "runkit",
                "testing"
            ],
            "time": "2014-08-07 17:48:26"
        }
    ],
    "packages-dev": [],
    "aliases": [],
    "minimum-stability": "stable",
    "stability-flags": {
        "antecedent/patchwork": 20
    },
    "prefer-stable": false,
    "platform": {
        "php": ">=5.3.0"
    },
    "platform-dev": []
}
